<?xml version="1.0" encoding="UTF-8" standalone="yes" ?>
<CodeBlocks_project_file>
	<FileVersion major="1" minor="6" />
	<Project>
		<Option title="rpg-chem" />
		<Option pch_mode="2" />
		<Option compiler="gcc" />
		<Build>
			<Target title="Debug">
				<Option output="bin/Debug/rpg-chem" prefix_auto="1" extension_auto="1" />
				<Option object_output="obj/Debug/" />
				<Option type="1" />
				<Option compiler="gcc" />
				<Compiler>
					<Add option="-g" />
				</Compiler>
			</Target>
			<Target title="Release">
				<Option output="bin/Release/rpg-chem" prefix_auto="1" extension_auto="1" />
				<Option object_output="obj/Release/" />
				<Option type="0" />
				<Option compiler="gcc" />
				<Compiler>
					<Add option="-O2" />
				</Compiler>
				<Linker>
					<Add option="-s" />
				</Linker>
			</Target>
		</Build>
		<Compiler>
			<Add option="-Wall" />
		</Compiler>
		<Unit filename="include/Audio.h" />
		<Unit filename="include/Main.h" />
		<Unit filename="include/Map.h" />
		<Unit filename="include/Music.h" />
		<Unit filename="include/PeriodicTable.h" />
		<Unit filename="include/PopUp.h" />
		<Unit filename="include/SDL_Setup.h" />
		<Unit filename="include/Sound.h" />
		<Unit filename="include/Sprite.h" />
		<Unit filename="include/StartScreen.h" />
		<Unit filename="include/mainCharacter.h" />
		<Unit filename="include/stdafx.h" />
		<Unit filename="source/Audio.cpp" />
		<Unit filename="source/Main.cpp" />
		<Unit filename="source/Map.cpp" />
		<Unit filename="source/Music.cpp" />
		<Unit filename="source/PeriodicTable.cpp" />
		<Unit filename="source/PopUp.cpp" />
		<Unit filename="source/SDL_Setup.cpp" />
		<Unit filename="source/Sound.cpp" />
		<Unit filename="source/Sprite.cpp" />
		<Unit filename="source/StartScreen.cpp" />
		<Unit filename="source/mainCharacter.cpp" />
		<Unit filename="source/mainProgram.cpp" />
		<Extensions>
			<code_completion />
			<envvars />
			<debugger />
		</Extensions>
	</Project>
</CodeBlocks_project_file>
